
Microsoft Visual Studio Solution File, Format Version 12.00
# Visual Studio Version 16
VisualStudioVersion = 16.0.30907.101
MinimumVisualStudioVersion = 10.0.40219.1
Project("{9A19103F-16F7-4668-BE54-9A1E7A4F7556}") = "DataAccess", "DateAccess\DataAccess.csproj", "{BBED1939-61B2-44C6-BF75-1836B69F0075}"
EndProject
Project("{9A19103F-16F7-4668-BE54-9A1E7A4F7556}") = "Business", "Business\Business.csproj", "{858AA417-BF19-4D90-B864-C264043E3A58}"
EndProject
Project("{9A19103F-16F7-4668-BE54-9A1E7A4F7556}") = "Entities", "Entities\Entities.csproj", "{85302A54-4DF2-47D2-AC00-756E54353176}"
EndProject
Project("{9A19103F-16F7-4668-BE54-9A1E7A4F7556}") = "ConsoleUI", "ConsoleUI\ConsoleUI.csproj", "{706A8F7C-2CC9-453B-8051-172B59615101}"
EndProject
Project("{9A19103F-16F7-4668-BE54-9A1E7A4F7556}") = "Core", "Core\Core.csproj", "{BB5B196E-EC65-44B1-B7A0-346BEB24A640}"
EndProject
Project("{FAE04EC0-301F-11D3-BF4B-00C04F79EFBC}") = "WebAPI", "WebAPI\WebAPI.csproj", "{F5653448-4F97-487A-8B83-D96792C0530F}"
EndProject
Global
	GlobalSection(SolutionConfigurationPlatforms) = preSolution
		Debug|Any CPU = Debug|Any CPU
		Release|Any CPU = Release|Any CPU
	EndGlobalSection
	GlobalSection(ProjectConfigurationPlatforms) = postSolution
		{BBED1939-61B2-44C6-BF75-1836B69F0075}.Debug|Any CPU.ActiveCfg = Debug|Any CPU
		{BBED1939-61B2-44C6-BF75-1836B69F0075}.Debug|Any CPU.Build.0 = Debug|Any CPU
		{BBED1939-61B2-44C6-BF75-1836B69F0075}.Release|Any CPU.ActiveCfg = Release|Any CPU
		{BBED1939-61B2-44C6-BF75-1836B69F0075}.Release|Any CPU.Build.0 = Release|Any CPU
		{858AA417-BF19-4D90-B864-C264043E3A58}.Debug|Any CPU.ActiveCfg = Debug|Any CPU
		{858AA417-BF19-4D90-B864-C264043E3A58}.Debug|Any CPU.Build.0 = Debug|Any CPU
		{858AA417-BF19-4D90-B864-C264043E3A58}.Release|Any CPU.ActiveCfg = Release|Any CPU
		{858AA417-BF19-4D90-B864-C264043E3A58}.Release|Any CPU.Build.0 = Release|Any CPU
		{85302A54-4DF2-47D2-AC00-756E54353176}.Debug|Any CPU.ActiveCfg = Debug|Any CPU
		{85302A54-4DF2-47D2-AC00-756E54353176}.Debug|Any CPU.Build.0 = Debug|Any CPU
		{85302A54-4DF2-47D2-AC00-756E54353176}.Release|Any CPU.ActiveCfg = Release|Any CPU
		{85302A54-4DF2-47D2-AC00-756E54353176}.Release|Any CPU.Build.0 = Release|Any CPU
		{706A8F7C-2CC9-453B-8051-172B59615101}.Debug|Any CPU.ActiveCfg = Debug|Any CPU
		{706A8F7C-2CC9-453B-8051-172B59615101}.Debug|Any CPU.Build.0 = Debug|Any CPU
		{706A8F7C-2CC9-453B-8051-172B59615101}.Release|Any CPU.ActiveCfg = Release|Any CPU
		{706A8F7C-2CC9-453B-8051-172B59615101}.Release|Any CPU.Build.0 = Release|Any CPU
		{BB5B196E-EC65-44B1-B7A0-346BEB24A640}.Debug|Any CPU.ActiveCfg = Debug|Any CPU
		{BB5B196E-EC65-44B1-B7A0-346BEB24A640}.Debug|Any CPU.Build.0 = Debug|Any CPU
		{BB5B196E-EC65-44B1-B7A0-346BEB24A640}.Release|Any CPU.ActiveCfg = Release|Any CPU
		{BB5B196E-EC65-44B1-B7A0-346BEB24A640}.Release|Any CPU.Build.0 = Release|Any CPU
		{F5653448-4F97-487A-8B83-D96792C0530F}.Debug|Any CPU.ActiveCfg = Debug|Any CPU
		{F5653448-4F97-487A-8B83-D96792C0530F}.Debug|Any CPU.Build.0 = Debug|Any CPU
		{F5653448-4F97-487A-8B83-D96792C0530F}.Release|Any CPU.ActiveCfg = Release|Any CPU
		{F5653448-4F97-487A-8B83-D96792C0530F}.Release|Any CPU.Build.0 = Release|Any CPU
	EndGlobalSection
	GlobalSection(SolutionProperties) = preSolution
		HideSolutionNode = FALSE
	EndGlobalSection
	GlobalSection(ExtensibilityGlobals) = postSolution
		SolutionGuid = {2B1091F6-E55B-4721-B286-DE69D2514557}
	EndGlobalSection
EndGlobal
